
Microsoft Visual Studio Solution File, Format Version 12.00
# Visual Studio Version 17
VisualStudioVersion = 17.2.32516.85
MinimumVisualStudioVersion = 10.0.40219.1
Project("{FAE04EC0-301F-11D3-BF4B-00C04F79EFBC}") = "Controlar Banda", "Controlar Banda\Controlar Banda.csproj", "{C98D21D0-49C2-45C7-A1AC-131E5AC69E33}"
EndProject
Global
	GlobalSection(SolutionConfigurationPlatforms) = preSolution
		Debug|Any CPU = Debug|Any CPU
		Release|Any CPU = Release|Any CPU
	EndGlobalSection
	GlobalSection(ProjectConfigurationPlatforms) = postSolution
		{C98D21D0-49C2-45C7-A1AC-131E5AC69E33}.Debug|Any CPU.ActiveCfg = Debug|Any CPU
		{C98D21D0-49C2-45C7-A1AC-131E5AC69E33}.Debug|Any CPU.Build.0 = Debug|Any CPU
		{C98D21D0-49C2-45C7-A1AC-131E5AC69E33}.Release|Any CPU.ActiveCfg = Release|Any CPU
		{C98D21D0-49C2-45C7-A1AC-131E5AC69E33}.Release|Any CPU.Build.0 = Release|Any CPU
	EndGlobalSection
	GlobalSection(SolutionProperties) = preSolution
		HideSolutionNode = FALSE
	EndGlobalSection
	GlobalSection(ExtensibilityGlobals) = postSolution
		SolutionGuid = {10B040DA-1ECD-484A-828D-F00DFE8AB71D}
	EndGlobalSection
EndGlobal
